
Microsoft Visual Studio Solution File, Format Version 12.00
# Visual Studio Version 17
VisualStudioVersion = 17.8.34330.188
MinimumVisualStudioVersion = 10.0.40219.1
Project("{FAE04EC0-301F-11D3-BF4B-00C04F79EFBC}") = "Variables", "Variables\Variables.csproj", "{81076EA9-2F2F-407A-9F94-D7D3892BFEFE}"
EndProject
Global
	GlobalSection(SolutionConfigurationPlatforms) = preSolution
		Debug|Any CPU = Debug|Any CPU
		Release|Any CPU = Release|Any CPU
	EndGlobalSection
	GlobalSection(ProjectConfigurationPlatforms) = postSolution
		{81076EA9-2F2F-407A-9F94-D7D3892BFEFE}.Debug|Any CPU.ActiveCfg = Debug|Any CPU
		{81076EA9-2F2F-407A-9F94-D7D3892BFEFE}.Debug|Any CPU.Build.0 = Debug|Any CPU
		{81076EA9-2F2F-407A-9F94-D7D3892BFEFE}.Release|Any CPU.ActiveCfg = Release|Any CPU
		{81076EA9-2F2F-407A-9F94-D7D3892BFEFE}.Release|Any CPU.Build.0 = Release|Any CPU
	EndGlobalSection
	GlobalSection(SolutionProperties) = preSolution
		HideSolutionNode = FALSE
	EndGlobalSection
	GlobalSection(ExtensibilityGlobals) = postSolution
		SolutionGuid = {52667E5E-FEBF-4D86-A02C-7F0EF9E1495B}
	EndGlobalSection
EndGlobal
